
Microsoft Visual Studio Solution File, Format Version 12.00
# Visual Studio Version 17
VisualStudioVersion = 17.4.33213.308
MinimumVisualStudioVersion = 10.0.40219.1
Project("{FAE04EC0-301F-11D3-BF4B-00C04F79EFBC}") = "SecureDocxWeb", "SecureDocxWeb\SecureDocxWeb.csproj", "{BA070913-4F93-4E4D-887B-34E835D5B7A3}"
EndProject
Global
	GlobalSection(SolutionConfigurationPlatforms) = preSolution
		Debug|Any CPU = Debug|Any CPU
		Release|Any CPU = Release|Any CPU
	EndGlobalSection
	GlobalSection(ProjectConfigurationPlatforms) = postSolution
		{BA070913-4F93-4E4D-887B-34E835D5B7A3}.Debug|Any CPU.ActiveCfg = Debug|Any CPU
		{BA070913-4F93-4E4D-887B-34E835D5B7A3}.Debug|Any CPU.Build.0 = Debug|Any CPU
		{BA070913-4F93-4E4D-887B-34E835D5B7A3}.Release|Any CPU.ActiveCfg = Release|Any CPU
		{BA070913-4F93-4E4D-887B-34E835D5B7A3}.Release|Any CPU.Build.0 = Release|Any CPU
	EndGlobalSection
	GlobalSection(SolutionProperties) = preSolution
		HideSolutionNode = FALSE
	EndGlobalSection
	GlobalSection(ExtensibilityGlobals) = postSolution
		SolutionGuid = {A98AAA3E-7DB4-427E-90C1-031031CD172D}
	EndGlobalSection
EndGlobal
